// !$*UTF8*$!
{
	archiveVersion = 1;
	classes = {
	};
	objectVersion = 46;
	objects = {

/* Begin PBXBuildFile section */
		151E755F298041D9988ACF0A /* libPods-FilamentTests.a in Frameworks */ = {isa = PBXBuildFile; fileRef = 21F4609F3F994AC19746ED2C /* libPods-FilamentTests.a */; };
		C85E8DFA189435CA00C4C48F /* Cocoa.framework in Frameworks */ = {isa = PBXBuildFile; fileRef = C85E8DF9189435CA00C4C48F /* Cocoa.framework */; };
		C85E8E04189435CA00C4C48F /* InfoPlist.strings in Resources */ = {isa = PBXBuildFile; fileRef = C85E8E02189435CA00C4C48F /* InfoPlist.strings */; };
		C85E8E06189435CA00C4C48F /* main.m in Sources */ = {isa = PBXBuildFile; fileRef = C85E8E05189435CA00C4C48F /* main.m */; };
		C85E8E0A189435CA00C4C48F /* Credits.rtf in Resources */ = {isa = PBXBuildFile; fileRef = C85E8E08189435CA00C4C48F /* Credits.rtf */; };
		C85E8E0D189435CA00C4C48F /* FLTAppDelegate.m in Sources */ = {isa = PBXBuildFile; fileRef = C85E8E0C189435CA00C4C48F /* FLTAppDelegate.m */; };
		C85E8E10189435CA00C4C48F /* MainMenu.xib in Resources */ = {isa = PBXBuildFile; fileRef = C85E8E0E189435CA00C4C48F /* MainMenu.xib */; };
		C85E8E12189435CA00C4C48F /* Images.xcassets in Resources */ = {isa = PBXBuildFile; fileRef = C85E8E11189435CA00C4C48F /* Images.xcassets */; };
		C85E8E19189435CA00C4C48F /* XCTest.framework in Frameworks */ = {isa = PBXBuildFile; fileRef = C85E8E18189435CA00C4C48F /* XCTest.framework */; };
		C85E8E1A189435CA00C4C48F /* Cocoa.framework in Frameworks */ = {isa = PBXBuildFile; fileRef = C85E8DF9189435CA00C4C48F /* Cocoa.framework */; };
		C85E8E22189435CA00C4C48F /* InfoPlist.strings in Resources */ = {isa = PBXBuildFile; fileRef = C85E8E20189435CA00C4C48F /* InfoPlist.strings */; };
		C85E8E2F1894397000C4C48F /* FLTIntegrationTests.m in Sources */ = {isa = PBXBuildFile; fileRef = C85E8E2E1894397000C4C48F /* FLTIntegrationTests.m */; };
		C85E8E32189439D400C4C48F /* FLTIntegration.m in Sources */ = {isa = PBXBuildFile; fileRef = C85E8E31189439D400C4C48F /* FLTIntegration.m */; };
		C85E8E351894406C00C4C48F /* FLTRepository.m in Sources */ = {isa = PBXBuildFile; fileRef = C85E8E341894406C00C4C48F /* FLTRepository.m */; };
		C85E8E381894411400C4C48F /* FLTIntegrator.m in Sources */ = {isa = PBXBuildFile; fileRef = C85E8E371894411400C4C48F /* FLTIntegrator.m */; };
		C85E8E3B1894419200C4C48F /* FLTIntegratorConfiguration.m in Sources */ = {isa = PBXBuildFile; fileRef = C85E8E3A1894419200C4C48F /* FLTIntegratorConfiguration.m */; };
		C85E8E3E1894425D00C4C48F /* FLTIntegrationReport.m in Sources */ = {isa = PBXBuildFile; fileRef = C85E8E3D1894425D00C4C48F /* FLTIntegrationReport.m */; };
		C85E8E401894707F00C4C48F /* FLTIntegratorTests.m in Sources */ = {isa = PBXBuildFile; fileRef = C85E8E3F1894707F00C4C48F /* FLTIntegratorTests.m */; };
		C85E8E43189479A700C4C48F /* NSTaskFactory.m in Sources */ = {isa = PBXBuildFile; fileRef = C85E8E42189479A700C4C48F /* NSTaskFactory.m */; };
		C8AB020418A4E00A00C392D4 /* FLTFileReader.m in Sources */ = {isa = PBXBuildFile; fileRef = C8AB020318A4E00A00C392D4 /* FLTFileReader.m */; };
		C8AB020618A4E1A700C392D4 /* FLTFileReaderTests.m in Sources */ = {isa = PBXBuildFile; fileRef = C8AB020518A4E1A700C392D4 /* FLTFileReaderTests.m */; };
		C8B15C7518972714006CDE02 /* FLTAsyncXCTestCase.m in Sources */ = {isa = PBXBuildFile; fileRef = C8B15C7418972714006CDE02 /* FLTAsyncXCTestCase.m */; };
		C8FF3D0018949D0F00DF9ABE /* NSTaskFactoryTests.m in Sources */ = {isa = PBXBuildFile; fileRef = C8FF3CFF18949D0F00DF9ABE /* NSTaskFactoryTests.m */; };
		C8FF3D0318951A3700DF9ABE /* FLTIntegrationReportGenerator.m in Sources */ = {isa = PBXBuildFile; fileRef = C8FF3D0218951A3700DF9ABE /* FLTIntegrationReportGenerator.m */; };
		C8FF3D0518951E8F00DF9ABE /* FLTIntegrationReportGeneratorTests.m in Sources */ = {isa = PBXBuildFile; fileRef = C8FF3D0418951E8F00DF9ABE /* FLTIntegrationReportGeneratorTests.m */; };
		C8FF3D081895208200DF9ABE /* BuildOutputWithErrorsAndWarnings.json in Resources */ = {isa = PBXBuildFile; fileRef = C8FF3D071895208200DF9ABE /* BuildOutputWithErrorsAndWarnings.json */; };
		C8FF3D0A1895226800DF9ABE /* BuildOutputNormal.json in Resources */ = {isa = PBXBuildFile; fileRef = C8FF3D091895226800DF9ABE /* BuildOutputNormal.json */; };
		C8FF3D0C1895237600DF9ABE /* BuildOutputWithWarnings.json in Resources */ = {isa = PBXBuildFile; fileRef = C8FF3D0B1895237600DF9ABE /* BuildOutputWithWarnings.json */; };
		C8FF3D0E1895292C00DF9ABE /* FLTIntegrationReportTests.m in Sources */ = {isa = PBXBuildFile; fileRef = C8FF3D0D1895292C00DF9ABE /* FLTIntegrationReportTests.m */; };
		C8FF3D1018952CED00DF9ABE /* FLTRepositoryTests.m in Sources */ = {isa = PBXBuildFile; fileRef = C8FF3D0F18952CED00DF9ABE /* FLTRepositoryTests.m */; };
		C8FF3D121895385D00DF9ABE /* ConfigurationFile.json in Resources */ = {isa = PBXBuildFile; fileRef = C8FF3D111895385D00DF9ABE /* ConfigurationFile.json */; };
/* End PBXBuildFile section */

/* Begin PBXContainerItemProxy section */
		C85E8E1B189435CA00C4C48F /* PBXContainerItemProxy */ = {
			isa = PBXContainerItemProxy;
			containerPortal = C85E8DEE189435CA00C4C48F /* Project object */;
			proxyType = 1;
			remoteGlobalIDString = C85E8DF5189435CA00C4C48F;
			remoteInfo = Filament;
		};
/* End PBXContainerItemProxy section */

/* Begin PBXFileReference section */
		21F4609F3F994AC19746ED2C /* libPods-FilamentTests.a */ = {isa = PBXFileReference; explicitFileType = archive.ar; includeInIndex = 0; path = "libPods-FilamentTests.a"; sourceTree = BUILT_PRODUCTS_DIR; };
		AFF17EB512254761AD550D9F /* Pods-FilamentTests.xcconfig */ = {isa = PBXFileReference; includeInIndex = 1; lastKnownFileType = text.xcconfig; name = "Pods-FilamentTests.xcconfig"; path = "Pods/Pods-FilamentTests.xcconfig"; sourceTree = "<group>"; };
		C85E8DF6189435CA00C4C48F /* Filament.app */ = {isa = PBXFileReference; explicitFileType = wrapper.application; includeInIndex = 0; path = Filament.app; sourceTree = BUILT_PRODUCTS_DIR; };
		C85E8DF9189435CA00C4C48F /* Cocoa.framework */ = {isa = PBXFileReference; lastKnownFileType = wrapper.framework; name = Cocoa.framework; path = System/Library/Frameworks/Cocoa.framework; sourceTree = SDKROOT; };
		C85E8DFC189435CA00C4C48F /* AppKit.framework */ = {isa = PBXFileReference; lastKnownFileType = wrapper.framework; name = AppKit.framework; path = System/Library/Frameworks/AppKit.framework; sourceTree = SDKROOT; };
		C85E8DFD189435CA00C4C48F /* CoreData.framework */ = {isa = PBXFileReference; lastKnownFileType = wrapper.framework; name = CoreData.framework; path = System/Library/Frameworks/CoreData.framework; sourceTree = SDKROOT; };
		C85E8DFE189435CA00C4C48F /* Foundation.framework */ = {isa = PBXFileReference; lastKnownFileType = wrapper.framework; name = Foundation.framework; path = System/Library/Frameworks/Foundation.framework; sourceTree = SDKROOT; };
		C85E8E01189435CA00C4C48F /* Filament-Info.plist */ = {isa = PBXFileReference; lastKnownFileType = text.plist.xml; path = "Filament-Info.plist"; sourceTree = "<group>"; };
		C85E8E03189435CA00C4C48F /* en */ = {isa = PBXFileReference; lastKnownFileType = text.plist.strings; name = en; path = en.lproj/InfoPlist.strings; sourceTree = "<group>"; };
		C85E8E05189435CA00C4C48F /* main.m */ = {isa = PBXFileReference; lastKnownFileType = sourcecode.c.objc; path = main.m; sourceTree = "<group>"; };
		C85E8E07189435CA00C4C48F /* Filament-Prefix.pch */ = {isa = PBXFileReference; lastKnownFileType = sourcecode.c.h; path = "Filament-Prefix.pch"; sourceTree = "<group>"; };
		C85E8E09189435CA00C4C48F /* en */ = {isa = PBXFileReference; lastKnownFileType = text.rtf; name = en; path = en.lproj/Credits.rtf; sourceTree = "<group>"; };
		C85E8E0B189435CA00C4C48F /* FLTAppDelegate.h */ = {isa = PBXFileReference; lastKnownFileType = sourcecode.c.h; path = FLTAppDelegate.h; sourceTree = "<group>"; };
		C85E8E0C189435CA00C4C48F /* FLTAppDelegate.m */ = {isa = PBXFileReference; lastKnownFileType = sourcecode.c.objc; path = FLTAppDelegate.m; sourceTree = "<group>"; };
		C85E8E0F189435CA00C4C48F /* Base */ = {isa = PBXFileReference; lastKnownFileType = file.xib; name = Base; path = Base.lproj/MainMenu.xib; sourceTree = "<group>"; };
		C85E8E11189435CA00C4C48F /* Images.xcassets */ = {isa = PBXFileReference; lastKnownFileType = folder.assetcatalog; path = Images.xcassets; sourceTree = "<group>"; };
		C85E8E17189435CA00C4C48F /* FilamentTests.xctest */ = {isa = PBXFileReference; explicitFileType = wrapper.cfbundle; includeInIndex = 0; path = FilamentTests.xctest; sourceTree = BUILT_PRODUCTS_DIR; };
		C85E8E18189435CA00C4C48F /* XCTest.framework */ = {isa = PBXFileReference; lastKnownFileType = wrapper.framework; name = XCTest.framework; path = Library/Frameworks/XCTest.framework; sourceTree = DEVELOPER_DIR; };
		C85E8E1F189435CA00C4C48F /* FilamentTests-Info.plist */ = {isa = PBXFileReference; lastKnownFileType = text.plist.xml; path = "FilamentTests-Info.plist"; sourceTree = "<group>"; };
		C85E8E21189435CA00C4C48F /* en */ = {isa = PBXFileReference; lastKnownFileType = text.plist.strings; name = en; path = en.lproj/InfoPlist.strings; sourceTree = "<group>"; };
		C85E8E2E1894397000C4C48F /* FLTIntegrationTests.m */ = {isa = PBXFileReference; fileEncoding = 4; lastKnownFileType = sourcecode.c.objc; path = FLTIntegrationTests.m; sourceTree = "<group>"; };
		C85E8E30189439D400C4C48F /* FLTIntegration.h */ = {isa = PBXFileReference; fileEncoding = 4; lastKnownFileType = sourcecode.c.h; path = FLTIntegration.h; sourceTree = "<group>"; };
		C85E8E31189439D400C4C48F /* FLTIntegration.m */ = {isa = PBXFileReference; fileEncoding = 4; lastKnownFileType = sourcecode.c.objc; path = FLTIntegration.m; sourceTree = "<group>"; };
		C85E8E331894406C00C4C48F /* FLTRepository.h */ = {isa = PBXFileReference; fileEncoding = 4; lastKnownFileType = sourcecode.c.h; path = FLTRepository.h; sourceTree = "<group>"; };
		C85E8E341894406C00C4C48F /* FLTRepository.m */ = {isa = PBXFileReference; fileEncoding = 4; lastKnownFileType = sourcecode.c.objc; path = FLTRepository.m; sourceTree = "<group>"; };
		C85E8E361894411400C4C48F /* FLTIntegrator.h */ = {isa = PBXFileReference; fileEncoding = 4; lastKnownFileType = sourcecode.c.h; path = FLTIntegrator.h; sourceTree = "<group>"; };
		C85E8E371894411400C4C48F /* FLTIntegrator.m */ = {isa = PBXFileReference; fileEncoding = 4; lastKnownFileType = sourcecode.c.objc; path = FLTIntegrator.m; sourceTree = "<group>"; };
		C85E8E391894419200C4C48F /* FLTIntegratorConfiguration.h */ = {isa = PBXFileReference; fileEncoding = 4; lastKnownFileType = sourcecode.c.h; path = FLTIntegratorConfiguration.h; sourceTree = "<group>"; };
		C85E8E3A1894419200C4C48F /* FLTIntegratorConfiguration.m */ = {isa = PBXFileReference; fileEncoding = 4; lastKnownFileType = sourcecode.c.objc; path = FLTIntegratorConfiguration.m; sourceTree = "<group>"; };
		C85E8E3C1894425D00C4C48F /* FLTIntegrationReport.h */ = {isa = PBXFileReference; fileEncoding = 4; lastKnownFileType = sourcecode.c.h; path = FLTIntegrationReport.h; sourceTree = "<group>"; };
		C85E8E3D1894425D00C4C48F /* FLTIntegrationReport.m */ = {isa = PBXFileReference; fileEncoding = 4; lastKnownFileType = sourcecode.c.objc; path = FLTIntegrationReport.m; sourceTree = "<group>"; };
		C85E8E3F1894707F00C4C48F /* FLTIntegratorTests.m */ = {isa = PBXFileReference; fileEncoding = 4; lastKnownFileType = sourcecode.c.objc; path = FLTIntegratorTests.m; sourceTree = "<group>"; };
		C85E8E41189479A700C4C48F /* NSTaskFactory.h */ = {isa = PBXFileReference; fileEncoding = 4; lastKnownFileType = sourcecode.c.h; path = NSTaskFactory.h; sourceTree = "<group>"; };
		C85E8E42189479A700C4C48F /* NSTaskFactory.m */ = {isa = PBXFileReference; fileEncoding = 4; lastKnownFileType = sourcecode.c.objc; path = NSTaskFactory.m; sourceTree = "<group>"; };
		C8AB020218A4E00A00C392D4 /* FLTFileReader.h */ = {isa = PBXFileReference; fileEncoding = 4; lastKnownFileType = sourcecode.c.h; path = FLTFileReader.h; sourceTree = "<group>"; };
		C8AB020318A4E00A00C392D4 /* FLTFileReader.m */ = {isa = PBXFileReference; fileEncoding = 4; lastKnownFileType = sourcecode.c.objc; path = FLTFileReader.m; sourceTree = "<group>"; };
		C8AB020518A4E1A700C392D4 /* FLTFileReaderTests.m */ = {isa = PBXFileReference; fileEncoding = 4; lastKnownFileType = sourcecode.c.objc; path = FLTFileReaderTests.m; sourceTree = "<group>"; };
		C8B15C7318972714006CDE02 /* FLTAsyncXCTestCase.h */ = {isa = PBXFileReference; fileEncoding = 4; lastKnownFileType = sourcecode.c.h; path = FLTAsyncXCTestCase.h; sourceTree = "<group>"; };
		C8B15C7418972714006CDE02 /* FLTAsyncXCTestCase.m */ = {isa = PBXFileReference; fileEncoding = 4; lastKnownFileType = sourcecode.c.objc; path = FLTAsyncXCTestCase.m; sourceTree = "<group>"; };
		C8FF3CFF18949D0F00DF9ABE /* NSTaskFactoryTests.m */ = {isa = PBXFileReference; fileEncoding = 4; lastKnownFileType = sourcecode.c.objc; path = NSTaskFactoryTests.m; sourceTree = "<group>"; };
		C8FF3D0118951A3700DF9ABE /* FLTIntegrationReportGenerator.h */ = {isa = PBXFileReference; fileEncoding = 4; lastKnownFileType = sourcecode.c.h; path = FLTIntegrationReportGenerator.h; sourceTree = "<group>"; };
		C8FF3D0218951A3700DF9ABE /* FLTIntegrationReportGenerator.m */ = {isa = PBXFileReference; fileEncoding = 4; lastKnownFileType = sourcecode.c.objc; path = FLTIntegrationReportGenerator.m; sourceTree = "<group>"; };
		C8FF3D0418951E8F00DF9ABE /* FLTIntegrationReportGeneratorTests.m */ = {isa = PBXFileReference; fileEncoding = 4; lastKnownFileType = sourcecode.c.objc; path = FLTIntegrationReportGeneratorTests.m; sourceTree = "<group>"; };
		C8FF3D071895208200DF9ABE /* BuildOutputWithErrorsAndWarnings.json */ = {isa = PBXFileReference; fileEncoding = 4; lastKnownFileType = text.json; path = BuildOutputWithErrorsAndWarnings.json; sourceTree = "<group>"; };
		C8FF3D091895226800DF9ABE /* BuildOutputNormal.json */ = {isa = PBXFileReference; fileEncoding = 4; lastKnownFileType = text.json; path = BuildOutputNormal.json; sourceTree = "<group>"; };
		C8FF3D0B1895237600DF9ABE /* BuildOutputWithWarnings.json */ = {isa = PBXFileReference; fileEncoding = 4; lastKnownFileType = text.json; path = BuildOutputWithWarnings.json; sourceTree = "<group>"; };
		C8FF3D0D1895292C00DF9ABE /* FLTIntegrationReportTests.m */ = {isa = PBXFileReference; fileEncoding = 4; lastKnownFileType = sourcecode.c.objc; path = FLTIntegrationReportTests.m; sourceTree = "<group>"; };
		C8FF3D0F18952CED00DF9ABE /* FLTRepositoryTests.m */ = {isa = PBXFileReference; fileEncoding = 4; lastKnownFileType = sourcecode.c.objc; path = FLTRepositoryTests.m; sourceTree = "<group>"; };
		C8FF3D111895385D00DF9ABE /* ConfigurationFile.json */ = {isa = PBXFileReference; fileEncoding = 4; lastKnownFileType = text.json; path = ConfigurationFile.json; sourceTree = "<group>"; };
/* End PBXFileReference section */

/* Begin PBXFrameworksBuildPhase section */
		C85E8DF3189435CA00C4C48F /* Frameworks */ = {
			isa = PBXFrameworksBuildPhase;
			buildActionMask = 2147483647;
			files = (
				C85E8DFA189435CA00C4C48F /* Cocoa.framework in Frameworks */,
			);
			runOnlyForDeploymentPostprocessing = 0;
		};
		C85E8E14189435CA00C4C48F /* Frameworks */ = {
			isa = PBXFrameworksBuildPhase;
			buildActionMask = 2147483647;
			files = (
				C85E8E1A189435CA00C4C48F /* Cocoa.framework in Frameworks */,
				C85E8E19189435CA00C4C48F /* XCTest.framework in Frameworks */,
				151E755F298041D9988ACF0A /* libPods-FilamentTests.a in Frameworks */,
			);
			runOnlyForDeploymentPostprocessing = 0;
		};
/* End PBXFrameworksBuildPhase section */

/* Begin PBXGroup section */
		C85E8DED189435CA00C4C48F = {
			isa = PBXGroup;
			children = (
				C85E8DFF189435CA00C4C48F /* Filament */,
				C85E8E1D189435CA00C4C48F /* FilamentTests */,
				C85E8DF8189435CA00C4C48F /* Frameworks */,
				C85E8DF7189435CA00C4C48F /* Products */,
				AFF17EB512254761AD550D9F /* Pods-FilamentTests.xcconfig */,
			);
			sourceTree = "<group>";
		};
		C85E8DF7189435CA00C4C48F /* Products */ = {
			isa = PBXGroup;
			children = (
				C85E8DF6189435CA00C4C48F /* Filament.app */,
				C85E8E17189435CA00C4C48F /* FilamentTests.xctest */,
			);
			name = Products;
			sourceTree = "<group>";
		};
		C85E8DF8189435CA00C4C48F /* Frameworks */ = {
			isa = PBXGroup;
			children = (
				C85E8DF9189435CA00C4C48F /* Cocoa.framework */,
				C85E8E18189435CA00C4C48F /* XCTest.framework */,
				C85E8DFB189435CA00C4C48F /* Other Frameworks */,
				21F4609F3F994AC19746ED2C /* libPods-FilamentTests.a */,
			);
			name = Frameworks;
			sourceTree = "<group>";
		};
		C85E8DFB189435CA00C4C48F /* Other Frameworks */ = {
			isa = PBXGroup;
			children = (
				C85E8DFC189435CA00C4C48F /* AppKit.framework */,
				C85E8DFD189435CA00C4C48F /* CoreData.framework */,
				C85E8DFE189435CA00C4C48F /* Foundation.framework */,
			);
			name = "Other Frameworks";
			sourceTree = "<group>";
		};
		C85E8DFF189435CA00C4C48F /* Filament */ = {
			isa = PBXGroup;
			children = (
				C85E8E0B189435CA00C4C48F /* FLTAppDelegate.h */,
				C85E8E0C189435CA00C4C48F /* FLTAppDelegate.m */,
				C8AB020218A4E00A00C392D4 /* FLTFileReader.h */,
				C8AB020318A4E00A00C392D4 /* FLTFileReader.m */,
				C85E8E30189439D400C4C48F /* FLTIntegration.h */,
				C85E8E31189439D400C4C48F /* FLTIntegration.m */,
				C85E8E3C1894425D00C4C48F /* FLTIntegrationReport.h */,
				C85E8E3D1894425D00C4C48F /* FLTIntegrationReport.m */,
				C8FF3D0118951A3700DF9ABE /* FLTIntegrationReportGenerator.h */,
				C8FF3D0218951A3700DF9ABE /* FLTIntegrationReportGenerator.m */,
				C85E8E361894411400C4C48F /* FLTIntegrator.h */,
				C85E8E371894411400C4C48F /* FLTIntegrator.m */,
				C85E8E391894419200C4C48F /* FLTIntegratorConfiguration.h */,
				C85E8E3A1894419200C4C48F /* FLTIntegratorConfiguration.m */,
				C85E8E331894406C00C4C48F /* FLTRepository.h */,
				C85E8E341894406C00C4C48F /* FLTRepository.m */,
				C85E8E11189435CA00C4C48F /* Images.xcassets */,
				C85E8E0E189435CA00C4C48F /* MainMenu.xib */,
				C85E8E41189479A700C4C48F /* NSTaskFactory.h */,
				C85E8E42189479A700C4C48F /* NSTaskFactory.m */,
				C85E8E00189435CA00C4C48F /* Supporting Files */,
			);
			path = Filament;
			sourceTree = "<group>";
		};
		C85E8E00189435CA00C4C48F /* Supporting Files */ = {
			isa = PBXGroup;
			children = (
				C85E8E01189435CA00C4C48F /* Filament-Info.plist */,
				C85E8E02189435CA00C4C48F /* InfoPlist.strings */,
				C85E8E05189435CA00C4C48F /* main.m */,
				C85E8E07189435CA00C4C48F /* Filament-Prefix.pch */,
				C85E8E08189435CA00C4C48F /* Credits.rtf */,
			);
			name = "Supporting Files";
			sourceTree = "<group>";
		};
		C85E8E1D189435CA00C4C48F /* FilamentTests */ = {
			isa = PBXGroup;
			children = (
				C8B15C7318972714006CDE02 /* FLTAsyncXCTestCase.h */,
				C8B15C7418972714006CDE02 /* FLTAsyncXCTestCase.m */,
				C8AB020518A4E1A700C392D4 /* FLTFileReaderTests.m */,
				C8FF3D0418951E8F00DF9ABE /* FLTIntegrationReportGeneratorTests.m */,
				C8FF3D0D1895292C00DF9ABE /* FLTIntegrationReportTests.m */,
				C85E8E2E1894397000C4C48F /* FLTIntegrationTests.m */,
				C85E8E3F1894707F00C4C48F /* FLTIntegratorTests.m */,
				C8FF3D0F18952CED00DF9ABE /* FLTRepositoryTests.m */,
				C8FF3CFF18949D0F00DF9ABE /* NSTaskFactoryTests.m */,
				C85E8E1E189435CA00C4C48F /* Supporting Files */,
				C8FF3D061895208200DF9ABE /* TestData */,
			);
			path = FilamentTests;
			sourceTree = "<group>";
		};
		C85E8E1E189435CA00C4C48F /* Supporting Files */ = {
			isa = PBXGroup;
			children = (
				C85E8E1F189435CA00C4C48F /* FilamentTests-Info.plist */,
				C85E8E20189435CA00C4C48F /* InfoPlist.strings */,
			);
			name = "Supporting Files";
			sourceTree = "<group>";
		};
		C8FF3D061895208200DF9ABE /* TestData */ = {
			isa = PBXGroup;
			children = (
				C8FF3D091895226800DF9ABE /* BuildOutputNormal.json */,
				C8FF3D071895208200DF9ABE /* BuildOutputWithErrorsAndWarnings.json */,
				C8FF3D0B1895237600DF9ABE /* BuildOutputWithWarnings.json */,
				C8FF3D111895385D00DF9ABE /* ConfigurationFile.json */,
			);
			path = TestData;
			sourceTree = "<group>";
		};
/* End PBXGroup section */

/* Begin PBXNativeTarget section */
		C85E8DF5189435CA00C4C48F /* Filament */ = {
			isa = PBXNativeTarget;
			buildConfigurationList = C85E8E27189435CA00C4C48F /* Build configuration list for PBXNativeTarget "Filament" */;
			buildPhases = (
				C85E8DF2189435CA00C4C48F /* Sources */,
				C85E8DF3189435CA00C4C48F /* Frameworks */,
				C85E8DF4189435CA00C4C48F /* Resources */,
			);
			buildRules = (
			);
			dependencies = (
			);
			name = Filament;
			productName = Filament;
			productReference = C85E8DF6189435CA00C4C48F /* Filament.app */;
			productType = "com.apple.product-type.application";
		};
		C85E8E16189435CA00C4C48F /* FilamentTests */ = {
			isa = PBXNativeTarget;
			buildConfigurationList = C85E8E2A189435CA00C4C48F /* Build configuration list for PBXNativeTarget "FilamentTests" */;
			buildPhases = (
				F024C14215C54B6FA83E99BD /* Check Pods Manifest.lock */,
				C85E8E13189435CA00C4C48F /* Sources */,
				C85E8E14189435CA00C4C48F /* Frameworks */,
				C85E8E15189435CA00C4C48F /* Resources */,
				C8A18CFC8BED4970AF5D4024 /* Copy Pods Resources */,
			);
			buildRules = (
			);
			dependencies = (
				C85E8E1C189435CA00C4C48F /* PBXTargetDependency */,
			);
			name = FilamentTests;
			productName = FilamentTests;
			productReference = C85E8E17189435CA00C4C48F /* FilamentTests.xctest */;
			productType = "com.apple.product-type.bundle.unit-test";
		};
/* End PBXNativeTarget section */

/* Begin PBXProject section */
		C85E8DEE189435CA00C4C48F /* Project object */ = {
			isa = PBXProject;
			attributes = {
				CLASSPREFIX = FLT;
				LastUpgradeCheck = 0500;
				ORGANIZATIONNAME = "Yellowbek Ltd";
				TargetAttributes = {
					C85E8E16189435CA00C4C48F = {
						TestTargetID = C85E8DF5189435CA00C4C48F;
					};
				};
			};
			buildConfigurationList = C85E8DF1189435CA00C4C48F /* Build configuration list for PBXProject "Filament" */;
			compatibilityVersion = "Xcode 3.2";
			developmentRegion = English;
			hasScannedForEncodings = 0;
			knownRegions = (
				en,
				Base,
			);
			mainGroup = C85E8DED189435CA00C4C48F;
			productRefGroup = C85E8DF7189435CA00C4C48F /* Products */;
			projectDirPath = "";
			projectRoot = "";
			targets = (
				C85E8DF5189435CA00C4C48F /* Filament */,
				C85E8E16189435CA00C4C48F /* FilamentTests */,
			);
		};
/* End PBXProject section */

/* Begin PBXResourcesBuildPhase section */
		C85E8DF4189435CA00C4C48F /* Resources */ = {
			isa = PBXResourcesBuildPhase;
			buildActionMask = 2147483647;
			files = (
				C85E8E04189435CA00C4C48F /* InfoPlist.strings in Resources */,
				C85E8E12189435CA00C4C48F /* Images.xcassets in Resources */,
				C85E8E0A189435CA00C4C48F /* Credits.rtf in Resources */,
				C85E8E10189435CA00C4C48F /* MainMenu.xib in Resources */,
			);
			runOnlyForDeploymentPostprocessing = 0;
		};
		C85E8E15189435CA00C4C48F /* Resources */ = {
			isa = PBXResourcesBuildPhase;
			buildActionMask = 2147483647;
			files = (
				C85E8E22189435CA00C4C48F /* InfoPlist.strings in Resources */,
				C8FF3D081895208200DF9ABE /* BuildOutputWithErrorsAndWarnings.json in Resources */,
				C8FF3D121895385D00DF9ABE /* ConfigurationFile.json in Resources */,
				C8FF3D0C1895237600DF9ABE /* BuildOutputWithWarnings.json in Resources */,
				C8FF3D0A1895226800DF9ABE /* BuildOutputNormal.json in Resources */,
			);
			runOnlyForDeploymentPostprocessing = 0;
		};
/* End PBXResourcesBuildPhase section */

/* Begin PBXShellScriptBuildPhase section */
		C8A18CFC8BED4970AF5D4024 /* Copy Pods Resources */ = {
			isa = PBXShellScriptBuildPhase;
			buildActionMask = 2147483647;
			files = (
			);
			inputPaths = (
			);
			name = "Copy Pods Resources";
			outputPaths = (
			);
			runOnlyForDeploymentPostprocessing = 0;
			shellPath = /bin/sh;
			shellScript = "\"${SRCROOT}/Pods/Pods-FilamentTests-resources.sh\"\n";
			showEnvVarsInLog = 0;
		};
		F024C14215C54B6FA83E99BD /* Check Pods Manifest.lock */ = {
			isa = PBXShellScriptBuildPhase;
			buildActionMask = 2147483647;
			files = (
			);
			inputPaths = (
			);
			name = "Check Pods Manifest.lock";
			outputPaths = (
			);
			runOnlyForDeploymentPostprocessing = 0;
			shellPath = /bin/sh;
			shellScript = "diff \"${PODS_ROOT}/../Podfile.lock\" \"${PODS_ROOT}/Manifest.lock\" > /dev/null\nif [[ $? != 0 ]] ; then\n    cat << EOM\nerror: The sandbox is not in sync with the Podfile.lock. Run 'pod install' or update your CocoaPods installation.\nEOM\n    exit 1\nfi\n";
			showEnvVarsInLog = 0;
		};
/* End PBXShellScriptBuildPhase section */

/* Begin PBXSourcesBuildPhase section */
		C85E8DF2189435CA00C4C48F /* Sources */ = {
			isa = PBXSourcesBuildPhase;
			buildActionMask = 2147483647;
			files = (
				C85E8E3B1894419200C4C48F /* FLTIntegratorConfiguration.m in Sources */,
				C85E8E351894406C00C4C48F /* FLTRepository.m in Sources */,
				C85E8E32189439D400C4C48F /* FLTIntegration.m in Sources */,
				C8AB020418A4E00A00C392D4 /* FLTFileReader.m in Sources */,
				C85E8E06189435CA00C4C48F /* main.m in Sources */,
				C85E8E381894411400C4C48F /* FLTIntegrator.m in Sources */,
				C85E8E3E1894425D00C4C48F /* FLTIntegrationReport.m in Sources */,
				C85E8E43189479A700C4C48F /* NSTaskFactory.m in Sources */,
				C8FF3D0318951A3700DF9ABE /* FLTIntegrationReportGenerator.m in Sources */,
				C85E8E0D189435CA00C4C48F /* FLTAppDelegate.m in Sources */,
			);
			runOnlyForDeploymentPostprocessing = 0;
		};
		C85E8E13189435CA00C4C48F /* Sources */ = {
			isa = PBXSourcesBuildPhase;
			buildActionMask = 2147483647;
			files = (
				C8FF3D1018952CED00DF9ABE /* FLTRepositoryTests.m in Sources */,
				C8B15C7518972714006CDE02 /* FLTAsyncXCTestCase.m in Sources */,
				C8FF3D0E1895292C00DF9ABE /* FLTIntegrationReportTests.m in Sources */,
				C8AB020618A4E1A700C392D4 /* FLTFileReaderTests.m in Sources */,
				C85E8E2F1894397000C4C48F /* FLTIntegrationTests.m in Sources */,
				C85E8E401894707F00C4C48F /* FLTIntegratorTests.m in Sources */,
				C8FF3D0018949D0F00DF9ABE /* NSTaskFactoryTests.m in Sources */,
				C8FF3D0518951E8F00DF9ABE /* FLTIntegrationReportGeneratorTests.m in Sources */,
			);
			runOnlyForDeploymentPostprocessing = 0;
		};
/* End PBXSourcesBuildPhase section */

/* Begin PBXTargetDependency section */
		C85E8E1C189435CA00C4C48F /* PBXTargetDependency */ = {
			isa = PBXTargetDependency;
			target = C85E8DF5189435CA00C4C48F /* Filament */;
			targetProxy = C85E8E1B189435CA00C4C48F /* PBXContainerItemProxy */;
		};
/* End PBXTargetDependency section */

/* Begin PBXVariantGroup section */
		C85E8E02189435CA00C4C48F /* InfoPlist.strings */ = {
			isa = PBXVariantGroup;
			children = (
				C85E8E03189435CA00C4C48F /* en */,
			);
			name = InfoPlist.strings;
			sourceTree = "<group>";
		};
		C85E8E08189435CA00C4C48F /* Credits.rtf */ = {
			isa = PBXVariantGroup;
			children = (
				C85E8E09189435CA00C4C48F /* en */,
			);
			name = Credits.rtf;
			sourceTree = "<group>";
		};
		C85E8E0E189435CA00C4C48F /* MainMenu.xib */ = {
			isa = PBXVariantGroup;
			children = (
				C85E8E0F189435CA00C4C48F /* Base */,
			);
			name = MainMenu.xib;
			sourceTree = "<group>";
		};
		C85E8E20189435CA00C4C48F /* InfoPlist.strings */ = {
			isa = PBXVariantGroup;
			children = (
				C85E8E21189435CA00C4C48F /* en */,
			);
			name = InfoPlist.strings;
			sourceTree = "<group>";
		};
/* End PBXVariantGroup section */

/* Begin XCBuildConfiguration section */
		C85E8E25189435CA00C4C48F /* Debug */ = {
			isa = XCBuildConfiguration;
			buildSettings = {
				ALWAYS_SEARCH_USER_PATHS = NO;
				CLANG_CXX_LANGUAGE_STANDARD = "gnu++0x";
				CLANG_CXX_LIBRARY = "libc++";
				CLANG_ENABLE_OBJC_ARC = YES;
				CLANG_WARN_BOOL_CONVERSION = YES;
				CLANG_WARN_CONSTANT_CONVERSION = YES;
				CLANG_WARN_DIRECT_OBJC_ISA_USAGE = YES_ERROR;
				CLANG_WARN_EMPTY_BODY = YES;
				CLANG_WARN_ENUM_CONVERSION = YES;
				CLANG_WARN_INT_CONVERSION = YES;
				CLANG_WARN_OBJC_ROOT_CLASS = YES_ERROR;
				CLANG_WARN__DUPLICATE_METHOD_MATCH = YES;
				COPY_PHASE_STRIP = NO;
				GCC_C_LANGUAGE_STANDARD = gnu99;
				GCC_DYNAMIC_NO_PIC = NO;
				GCC_ENABLE_OBJC_EXCEPTIONS = YES;
				GCC_OPTIMIZATION_LEVEL = 0;
				GCC_PREPROCESSOR_DEFINITIONS = (
					"DEBUG=1",
					"$(inherited)",
				);
				GCC_SYMBOLS_PRIVATE_EXTERN = NO;
				GCC_WARN_64_TO_32_BIT_CONVERSION = YES;
				GCC_WARN_ABOUT_RETURN_TYPE = YES_ERROR;
				GCC_WARN_UNDECLARED_SELECTOR = YES;
				GCC_WARN_UNINITIALIZED_AUTOS = YES;
				GCC_WARN_UNUSED_FUNCTION = YES;
				GCC_WARN_UNUSED_VARIABLE = YES;
				MACOSX_DEPLOYMENT_TARGET = 10.9;
				ONLY_ACTIVE_ARCH = YES;
				SDKROOT = macosx;
			};
			name = Debug;
		};
		C85E8E26189435CA00C4C48F /* Release */ = {
			isa = XCBuildConfiguration;
			buildSettings = {
				ALWAYS_SEARCH_USER_PATHS = NO;
				CLANG_CXX_LANGUAGE_STANDARD = "gnu++0x";
				CLANG_CXX_LIBRARY = "libc++";
				CLANG_ENABLE_OBJC_ARC = YES;
				CLANG_WARN_BOOL_CONVERSION = YES;
				CLANG_WARN_CONSTANT_CONVERSION = YES;
				CLANG_WARN_DIRECT_OBJC_ISA_USAGE = YES_ERROR;
				CLANG_WARN_EMPTY_BODY = YES;
				CLANG_WARN_ENUM_CONVERSION = YES;
				CLANG_WARN_INT_CONVERSION = YES;
				CLANG_WARN_OBJC_ROOT_CLASS = YES_ERROR;
				CLANG_WARN__DUPLICATE_METHOD_MATCH = YES;
				COPY_PHASE_STRIP = YES;
				DEBUG_INFORMATION_FORMAT = "dwarf-with-dsym";
				ENABLE_NS_ASSERTIONS = NO;
				GCC_C_LANGUAGE_STANDARD = gnu99;
				GCC_ENABLE_OBJC_EXCEPTIONS = YES;
				GCC_WARN_64_TO_32_BIT_CONVERSION = YES;
				GCC_WARN_ABOUT_RETURN_TYPE = YES_ERROR;
				GCC_WARN_UNDECLARED_SELECTOR = YES;
				GCC_WARN_UNINITIALIZED_AUTOS = YES;
				GCC_WARN_UNUSED_FUNCTION = YES;
				GCC_WARN_UNUSED_VARIABLE = YES;
				MACOSX_DEPLOYMENT_TARGET = 10.9;
				SDKROOT = macosx;
			};
			name = Release;
		};
		C85E8E28189435CA00C4C48F /* Debug */ = {
			isa = XCBuildConfiguration;
			buildSettings = {
				ASSETCATALOG_COMPILER_APPICON_NAME = AppIcon;
				COMBINE_HIDPI_IMAGES = YES;
				GCC_PRECOMPILE_PREFIX_HEADER = YES;
				GCC_PREFIX_HEADER = "Filament/Filament-Prefix.pch";
				INFOPLIST_FILE = "Filament/Filament-Info.plist";
				PRODUCT_NAME = "$(TARGET_NAME)";
				WRAPPER_EXTENSION = app;
			};
			name = Debug;
		};
		C85E8E29189435CA00C4C48F /* Release */ = {
			isa = XCBuildConfiguration;
			buildSettings = {
				ASSETCATALOG_COMPILER_APPICON_NAME = AppIcon;
				COMBINE_HIDPI_IMAGES = YES;
				GCC_PRECOMPILE_PREFIX_HEADER = YES;
				GCC_PREFIX_HEADER = "Filament/Filament-Prefix.pch";
				INFOPLIST_FILE = "Filament/Filament-Info.plist";
				PRODUCT_NAME = "$(TARGET_NAME)";
				WRAPPER_EXTENSION = app;
			};
			name = Release;
		};
		C85E8E2B189435CA00C4C48F /* Debug */ = {
			isa = XCBuildConfiguration;
			baseConfigurationReference = AFF17EB512254761AD550D9F /* Pods-FilamentTests.xcconfig */;
			buildSettings = {
				BUNDLE_LOADER = "$(BUILT_PRODUCTS_DIR)/Filament.app/Contents/MacOS/Filament";
				COMBINE_HIDPI_IMAGES = YES;
				FRAMEWORK_SEARCH_PATHS = (
					"$(DEVELOPER_FRAMEWORKS_DIR)",
					"$(inherited)",
				);
				GCC_PRECOMPILE_PREFIX_HEADER = YES;
				GCC_PREFIX_HEADER = "Filament/Filament-Prefix.pch";
				GCC_PREPROCESSOR_DEFINITIONS = (
					"DEBUG=1",
					"$(inherited)",
				);
				INFOPLIST_FILE = "FilamentTests/FilamentTests-Info.plist";
				PRODUCT_NAME = "$(TARGET_NAME)";
				TEST_HOST = "$(BUNDLE_LOADER)";
				WRAPPER_EXTENSION = xctest;
			};
			name = Debug;
		};
		C85E8E2C189435CA00C4C48F /* Release */ = {
			isa = XCBuildConfiguration;
			baseConfigurationReference = AFF17EB512254761AD550D9F /* Pods-FilamentTests.xcconfig */;
			buildSettings = {
				BUNDLE_LOADER = "$(BUILT_PRODUCTS_DIR)/Filament.app/Contents/MacOS/Filament";
				COMBINE_HIDPI_IMAGES = YES;
				FRAMEWORK_SEARCH_PATHS = (
					"$(DEVELOPER_FRAMEWORKS_DIR)",
					"$(inherited)",
				);
				GCC_PRECOMPILE_PREFIX_HEADER = YES;
				GCC_PREFIX_HEADER = "Filament/Filament-Prefix.pch";
				INFOPLIST_FILE = "FilamentTests/FilamentTests-Info.plist";
				PRODUCT_NAME = "$(TARGET_NAME)";
				TEST_HOST = "$(BUNDLE_LOADER)";
				WRAPPER_EXTENSION = xctest;
			};
			name = Release;
		};
/* End XCBuildConfiguration section */

/* Begin XCConfigurationList section */
		C85E8DF1189435CA00C4C48F /* Build configuration list for PBXProject "Filament" */ = {
			isa = XCConfigurationList;
			buildConfigurations = (
				C85E8E25189435CA00C4C48F /* Debug */,
				C85E8E26189435CA00C4C48F /* Release */,
			);
			defaultConfigurationIsVisible = 0;
			defaultConfigurationName = Release;
		};
		C85E8E27189435CA00C4C48F /* Build configuration list for PBXNativeTarget "Filament" */ = {
			isa = XCConfigurationList;
			buildConfigurations = (
				C85E8E28189435CA00C4C48F /* Debug */,
				C85E8E29189435CA00C4C48F /* Release */,
			);
			defaultConfigurationIsVisible = 0;
			defaultConfigurationName = Release;
		};
		C85E8E2A189435CA00C4C48F /* Build configuration list for PBXNativeTarget "FilamentTests" */ = {
			isa = XCConfigurationList;
			buildConfigurations = (
				C85E8E2B189435CA00C4C48F /* Debug */,
				C85E8E2C189435CA00C4C48F /* Release */,
			);
			defaultConfigurationIsVisible = 0;
			defaultConfigurationName = Release;
		};
/* End XCConfigurationList section */
	};
	rootObject = C85E8DEE189435CA00C4C48F /* Project object */;
}
